
Microsoft Visual Studio Solution File, Format Version 12.00
# Visual Studio Version 17
VisualStudioVersion = 17.5.33414.496
MinimumVisualStudioVersion = 10.0.40219.1
Project("{FAE04EC0-301F-11D3-BF4B-00C04F79EFBC}") = "Operation 242 Server", "Operation 242\Operation 242 Server.csproj", "{B222F175-A214-4D33-83CF-B73EF6ABEA3D}"
EndProject
Project("{FAE04EC0-301F-11D3-BF4B-00C04F79EFBC}") = "Client Menu", "Client Menu\Client Menu.csproj", "{C26A9E30-A309-4780-81D6-9DEBA308732E}"
EndProject
Global
	GlobalSection(SolutionConfigurationPlatforms) = preSolution
		Debug|Any CPU = Debug|Any CPU
		Release|Any CPU = Release|Any CPU
	EndGlobalSection
	GlobalSection(ProjectConfigurationPlatforms) = postSolution
		{B222F175-A214-4D33-83CF-B73EF6ABEA3D}.Debug|Any CPU.ActiveCfg = Debug|Any CPU
		{B222F175-A214-4D33-83CF-B73EF6ABEA3D}.Debug|Any CPU.Build.0 = Debug|Any CPU
		{B222F175-A214-4D33-83CF-B73EF6ABEA3D}.Release|Any CPU.ActiveCfg = Release|Any CPU
		{B222F175-A214-4D33-83CF-B73EF6ABEA3D}.Release|Any CPU.Build.0 = Release|Any CPU
		{C26A9E30-A309-4780-81D6-9DEBA308732E}.Debug|Any CPU.ActiveCfg = Debug|Any CPU
		{C26A9E30-A309-4780-81D6-9DEBA308732E}.Debug|Any CPU.Build.0 = Debug|Any CPU
		{C26A9E30-A309-4780-81D6-9DEBA308732E}.Release|Any CPU.ActiveCfg = Release|Any CPU
		{C26A9E30-A309-4780-81D6-9DEBA308732E}.Release|Any CPU.Build.0 = Release|Any CPU
	EndGlobalSection
	GlobalSection(SolutionProperties) = preSolution
		HideSolutionNode = FALSE
	EndGlobalSection
	GlobalSection(ExtensibilityGlobals) = postSolution
		SolutionGuid = {A761EB21-AA97-40DD-9BC2-C55C2F0345BC}
	EndGlobalSection
EndGlobal
